{
  "nodes": {
    "nixpkgs": {
      "locked": {
        "lastModified": 1726090562,
        "narHash": "sha256-pbiNlacdE5vtbc9OWCOX53kZ9Q8yLLo3GWKVKka8Nkw=",
        "owner": "NixOS",
        "repo": "nixpkgs",
        "rev": "eaed34e248fff3a0c0a258ff18cb0f73e3a3d047",
        "type": "github"
      },
      "original": {
        "owner": "NixOS",
        "repo": "nixpkgs",
        "type": "github"
      }
    },
    "root": {
      "inputs": {
        "nixpkgs": "nixpkgs"
      }
    }
  },
  "root": "root",
  "version": 7
}
