{
  "nodes": {
    "nixpkgs": {
      "locked": {
        "lastModified": 1727045520,
        "narHash": "sha256-JO5iWxcGys2VvJ2guj64t8hrRvFMf3RuMY2QCRSI+20=",
        "owner": "NixOS",
        "repo": "nixpkgs",
        "rev": "8eb04890bfbbf07402aaab6112eed0c5f8a46c9e",
        "type": "github"
      },
      "original": {
        "owner": "NixOS",
        "repo": "nixpkgs",
        "type": "github"
      }
    },
    "root": {
      "inputs": {
        "nixpkgs": "nixpkgs"
      }
    }
  },
  "root": "root",
  "version": 7
}
