{
  "nodes": {
    "nixpkgs": {
      "locked": {
        "lastModified": 1726404457,
        "narHash": "sha256-rkX4C9Io5hYR/4b+aL8C4TkpeYwJzljf6Gqo5mmc9wo=",
        "owner": "NixOS",
        "repo": "nixpkgs",
        "rev": "e36007308c298fc4c80bdbe90bbca58ba6636807",
        "type": "github"
      },
      "original": {
        "owner": "NixOS",
        "repo": "nixpkgs",
        "type": "github"
      }
    },
    "root": {
      "inputs": {
        "nixpkgs": "nixpkgs"
      }
    }
  },
  "root": "root",
  "version": 7
}
